
Microsoft Visual Studio Solution File, Format Version 12.00
# Visual Studio 15
VisualStudioVersion = 15.0.28307.1169
MinimumVisualStudioVersion = 10.0.40219.1
Project("{FAE04EC0-301F-11D3-BF4B-00C04F79EFBC}") = "NonogramSolverGUI", "NonogramSolverGUI\NonogramSolverGUI.csproj", "{FF942D6E-2A7B-4DCA-939A-CAB1AF5814C0}"
EndProject
Project("{2150E333-8FDC-42A3-9474-1A3956D46DE8}") = "Experiments", "Experiments", "{B16586B3-BF44-4D74-B999-31B105E0109B}"
EndProject
Project("{FAE04EC0-301F-11D3-BF4B-00C04F79EFBC}") = "NonogramSolver", "NonogramSolver\NonogramSolver.csproj", "{6A78DD08-B964-4143-B529-EF99204025EE}"
EndProject
Global
	GlobalSection(SolutionConfigurationPlatforms) = preSolution
		Debug|Any CPU = Debug|Any CPU
		Release|Any CPU = Release|Any CPU
	EndGlobalSection
	GlobalSection(ProjectConfigurationPlatforms) = postSolution
		{FF942D6E-2A7B-4DCA-939A-CAB1AF5814C0}.Debug|Any CPU.ActiveCfg = Debug|Any CPU
		{FF942D6E-2A7B-4DCA-939A-CAB1AF5814C0}.Debug|Any CPU.Build.0 = Debug|Any CPU
		{FF942D6E-2A7B-4DCA-939A-CAB1AF5814C0}.Release|Any CPU.ActiveCfg = Release|Any CPU
		{FF942D6E-2A7B-4DCA-939A-CAB1AF5814C0}.Release|Any CPU.Build.0 = Release|Any CPU
		{6A78DD08-B964-4143-B529-EF99204025EE}.Debug|Any CPU.ActiveCfg = Debug|Any CPU
		{6A78DD08-B964-4143-B529-EF99204025EE}.Debug|Any CPU.Build.0 = Debug|Any CPU
		{6A78DD08-B964-4143-B529-EF99204025EE}.Release|Any CPU.ActiveCfg = Release|Any CPU
		{6A78DD08-B964-4143-B529-EF99204025EE}.Release|Any CPU.Build.0 = Release|Any CPU
	EndGlobalSection
	GlobalSection(SolutionProperties) = preSolution
		HideSolutionNode = FALSE
	EndGlobalSection
	GlobalSection(NestedProjects) = preSolution
		{6A78DD08-B964-4143-B529-EF99204025EE} = {B16586B3-BF44-4D74-B999-31B105E0109B}
	EndGlobalSection
	GlobalSection(ExtensibilityGlobals) = postSolution
		SolutionGuid = {23826E96-F873-424D-91C3-2DD657628098}
	EndGlobalSection
EndGlobal
